// !$*UTF8*$!
{
	archiveVersion = 1;
	classes = {
	};
	objectVersion = 55;
	objects = {

/* Begin PBXBuildFile section */
		4651D8239A9835D4BB0C402E /* Pods_nexflix_clone.framework in Frameworks */ = {isa = PBXBuildFile; fileRef = 90A315F5F5116E503E2BE20F /* Pods_nexflix_clone.framework */; };
		AB79C81F2811E26600EDAE0C /* AppDelegate.swift in Sources */ = {isa = PBXBuildFile; fileRef = AB79C81E2811E26600EDAE0C /* AppDelegate.swift */; };
		AB79C8212811E26600EDAE0C /* SceneDelegate.swift in Sources */ = {isa = PBXBuildFile; fileRef = AB79C8202811E26600EDAE0C /* SceneDelegate.swift */; };
		AB79C8232811E26600EDAE0C /* MainTabBarViewController.swift in Sources */ = {isa = PBXBuildFile; fileRef = AB79C8222811E26600EDAE0C /* MainTabBarViewController.swift */; };
		AB79C8282811E26800EDAE0C /* Assets.xcassets in Resources */ = {isa = PBXBuildFile; fileRef = AB79C8272811E26800EDAE0C /* Assets.xcassets */; };
		AB79C82B2811E26800EDAE0C /* LaunchScreen.storyboard in Resources */ = {isa = PBXBuildFile; fileRef = AB79C8292811E26800EDAE0C /* LaunchScreen.storyboard */; };
		AB79C8342811E4E700EDAE0C /* HomeViewController.swift in Sources */ = {isa = PBXBuildFile; fileRef = AB79C8332811E4E700EDAE0C /* HomeViewController.swift */; };
		AB79C8362811E51700EDAE0C /* UpComingViewController.swift in Sources */ = {isa = PBXBuildFile; fileRef = AB79C8352811E51700EDAE0C /* UpComingViewController.swift */; };
		AB79C8382811E53E00EDAE0C /* SeachViewController.swift in Sources */ = {isa = PBXBuildFile; fileRef = AB79C8372811E53E00EDAE0C /* SeachViewController.swift */; };
		AB79C83A2811E56800EDAE0C /* DownloadsViewController.swift in Sources */ = {isa = PBXBuildFile; fileRef = AB79C8392811E56800EDAE0C /* DownloadsViewController.swift */; };
		AB79C8412811EE8D00EDAE0C /* CollectionViewTableViewCell.swift in Sources */ = {isa = PBXBuildFile; fileRef = AB79C8402811EE8D00EDAE0C /* CollectionViewTableViewCell.swift */; };
		AB79C8432811F55B00EDAE0C /* HeroHeaderUIView.swift in Sources */ = {isa = PBXBuildFile; fileRef = AB79C8422811F55B00EDAE0C /* HeroHeaderUIView.swift */; };
		AB8F33DA2814917B00D8BC62 /* TitleCollectionViewCell.swift in Sources */ = {isa = PBXBuildFile; fileRef = AB8F33D92814917B00D8BC62 /* TitleCollectionViewCell.swift */; };
		ABDC18512813429100A40EE0 /* APICaller.swift in Sources */ = {isa = PBXBuildFile; fileRef = ABDC18502813429100A40EE0 /* APICaller.swift */; };
		ABDC185328134DAD00A40EE0 /* Title.swift in Sources */ = {isa = PBXBuildFile; fileRef = ABDC185228134DAD00A40EE0 /* Title.swift */; };
		ABDC1855281352FC00A40EE0 /* Extensions.swift in Sources */ = {isa = PBXBuildFile; fileRef = ABDC1854281352FC00A40EE0 /* Extensions.swift */; };
/* End PBXBuildFile section */

/* Begin PBXFileReference section */
		8C50425ED8C11E901CF083A6 /* Pods-nexflix clone.debug.xcconfig */ = {isa = PBXFileReference; includeInIndex = 1; lastKnownFileType = text.xcconfig; name = "Pods-nexflix clone.debug.xcconfig"; path = "Target Support Files/Pods-nexflix clone/Pods-nexflix clone.debug.xcconfig"; sourceTree = "<group>"; };
		90A315F5F5116E503E2BE20F /* Pods_nexflix_clone.framework */ = {isa = PBXFileReference; explicitFileType = wrapper.framework; includeInIndex = 0; path = Pods_nexflix_clone.framework; sourceTree = BUILT_PRODUCTS_DIR; };
		AB79C81B2811E26600EDAE0C /* nexflix clone.app */ = {isa = PBXFileReference; explicitFileType = wrapper.application; includeInIndex = 0; path = "nexflix clone.app"; sourceTree = BUILT_PRODUCTS_DIR; };
		AB79C81E2811E26600EDAE0C /* AppDelegate.swift */ = {isa = PBXFileReference; lastKnownFileType = sourcecode.swift; path = AppDelegate.swift; sourceTree = "<group>"; };
		AB79C8202811E26600EDAE0C /* SceneDelegate.swift */ = {isa = PBXFileReference; lastKnownFileType = sourcecode.swift; path = SceneDelegate.swift; sourceTree = "<group>"; };
		AB79C8222811E26600EDAE0C /* MainTabBarViewController.swift */ = {isa = PBXFileReference; lastKnownFileType = sourcecode.swift; path = MainTabBarViewController.swift; sourceTree = "<group>"; };
		AB79C8272811E26800EDAE0C /* Assets.xcassets */ = {isa = PBXFileReference; lastKnownFileType = folder.assetcatalog; path = Assets.xcassets; sourceTree = "<group>"; };
		AB79C82A2811E26800EDAE0C /* Base */ = {isa = PBXFileReference; lastKnownFileType = file.storyboard; name = Base; path = Base.lproj/LaunchScreen.storyboard; sourceTree = "<group>"; };
		AB79C82C2811E26800EDAE0C /* Info.plist */ = {isa = PBXFileReference; lastKnownFileType = text.plist.xml; path = Info.plist; sourceTree = "<group>"; };
		AB79C8332811E4E700EDAE0C /* HomeViewController.swift */ = {isa = PBXFileReference; lastKnownFileType = sourcecode.swift; path = HomeViewController.swift; sourceTree = "<group>"; };
		AB79C8352811E51700EDAE0C /* UpComingViewController.swift */ = {isa = PBXFileReference; lastKnownFileType = sourcecode.swift; path = UpComingViewController.swift; sourceTree = "<group>"; };
		AB79C8372811E53E00EDAE0C /* SeachViewController.swift */ = {isa = PBXFileReference; lastKnownFileType = sourcecode.swift; path = SeachViewController.swift; sourceTree = "<group>"; };
		AB79C8392811E56800EDAE0C /* DownloadsViewController.swift */ = {isa = PBXFileReference; lastKnownFileType = sourcecode.swift; path = DownloadsViewController.swift; sourceTree = "<group>"; };
		AB79C8402811EE8D00EDAE0C /* CollectionViewTableViewCell.swift */ = {isa = PBXFileReference; lastKnownFileType = sourcecode.swift; path = CollectionViewTableViewCell.swift; sourceTree = "<group>"; };
		AB79C8422811F55B00EDAE0C /* HeroHeaderUIView.swift */ = {isa = PBXFileReference; lastKnownFileType = sourcecode.swift; path = HeroHeaderUIView.swift; sourceTree = "<group>"; };
		AB8F33D92814917B00D8BC62 /* TitleCollectionViewCell.swift */ = {isa = PBXFileReference; lastKnownFileType = sourcecode.swift; path = TitleCollectionViewCell.swift; sourceTree = "<group>"; };
		ABDC18502813429100A40EE0 /* APICaller.swift */ = {isa = PBXFileReference; lastKnownFileType = sourcecode.swift; path = APICaller.swift; sourceTree = "<group>"; };
		ABDC185228134DAD00A40EE0 /* Title.swift */ = {isa = PBXFileReference; lastKnownFileType = sourcecode.swift; path = Title.swift; sourceTree = "<group>"; };
		ABDC1854281352FC00A40EE0 /* Extensions.swift */ = {isa = PBXFileReference; lastKnownFileType = sourcecode.swift; path = Extensions.swift; sourceTree = "<group>"; };
		E84468CD02B9AB82D5ADAB8D /* Pods-nexflix clone.release.xcconfig */ = {isa = PBXFileReference; includeInIndex = 1; lastKnownFileType = text.xcconfig; name = "Pods-nexflix clone.release.xcconfig"; path = "Target Support Files/Pods-nexflix clone/Pods-nexflix clone.release.xcconfig"; sourceTree = "<group>"; };
/* End PBXFileReference section */

/* Begin PBXFrameworksBuildPhase section */
		AB79C8182811E26600EDAE0C /* Frameworks */ = {
			isa = PBXFrameworksBuildPhase;
			buildActionMask = 2147483647;
			files = (
				4651D8239A9835D4BB0C402E /* Pods_nexflix_clone.framework in Frameworks */,
			);
			runOnlyForDeploymentPostprocessing = 0;
		};
/* End PBXFrameworksBuildPhase section */

/* Begin PBXGroup section */
		A0CCCC1CD57C3A63643E550B /* Pods */ = {
			isa = PBXGroup;
			children = (
				8C50425ED8C11E901CF083A6 /* Pods-nexflix clone.debug.xcconfig */,
				E84468CD02B9AB82D5ADAB8D /* Pods-nexflix clone.release.xcconfig */,
			);
			name = Pods;
			path = Pods;
			sourceTree = "<group>";
		};
		AB79C8122811E26600EDAE0C = {
			isa = PBXGroup;
			children = (
				AB79C81D2811E26600EDAE0C /* nexflix clone */,
				AB79C81C2811E26600EDAE0C /* Products */,
				A0CCCC1CD57C3A63643E550B /* Pods */,
				E6EC6842CBA99D78E8B157F2 /* Frameworks */,
			);
			sourceTree = "<group>";
		};
		AB79C81C2811E26600EDAE0C /* Products */ = {
			isa = PBXGroup;
			children = (
				AB79C81B2811E26600EDAE0C /* nexflix clone.app */,
			);
			name = Products;
			sourceTree = "<group>";
		};
		AB79C81D2811E26600EDAE0C /* nexflix clone */ = {
			isa = PBXGroup;
			children = (
				AB79C83F2811EE5200EDAE0C /* Managers */,
				AB79C83E2811EE3F00EDAE0C /* Resources */,
				AB79C83C2811EDFF00EDAE0C /* Models */,
				AB79C83B2811EDE600EDAE0C /* Views */,
				AB79C83D2811EE1400EDAE0C /* ViewModels */,
				AB79C8322811E4AD00EDAE0C /* Controllers */,
				AB79C81E2811E26600EDAE0C /* AppDelegate.swift */,
				AB79C8202811E26600EDAE0C /* SceneDelegate.swift */,
				AB79C8222811E26600EDAE0C /* MainTabBarViewController.swift */,
				AB79C8272811E26800EDAE0C /* Assets.xcassets */,
				AB79C8292811E26800EDAE0C /* LaunchScreen.storyboard */,
				AB79C82C2811E26800EDAE0C /* Info.plist */,
			);
			path = "nexflix clone";
			sourceTree = "<group>";
		};
		AB79C8322811E4AD00EDAE0C /* Controllers */ = {
			isa = PBXGroup;
			children = (
				AB79C8332811E4E700EDAE0C /* HomeViewController.swift */,
				AB79C8352811E51700EDAE0C /* UpComingViewController.swift */,
				AB79C8372811E53E00EDAE0C /* SeachViewController.swift */,
				AB79C8392811E56800EDAE0C /* DownloadsViewController.swift */,
			);
			path = Controllers;
			sourceTree = "<group>";
		};
		AB79C83B2811EDE600EDAE0C /* Views */ = {
			isa = PBXGroup;
			children = (
				AB79C8402811EE8D00EDAE0C /* CollectionViewTableViewCell.swift */,
				AB79C8422811F55B00EDAE0C /* HeroHeaderUIView.swift */,
				AB8F33D92814917B00D8BC62 /* TitleCollectionViewCell.swift */,
			);
			path = Views;
			sourceTree = "<group>";
		};
		AB79C83C2811EDFF00EDAE0C /* Models */ = {
			isa = PBXGroup;
			children = (
				ABDC185228134DAD00A40EE0 /* Title.swift */,
			);
			path = Models;
			sourceTree = "<group>";
		};
		AB79C83D2811EE1400EDAE0C /* ViewModels */ = {
			isa = PBXGroup;
			children = (
			);
			path = ViewModels;
			sourceTree = "<group>";
		};
		AB79C83E2811EE3F00EDAE0C /* Resources */ = {
			isa = PBXGroup;
			children = (
				ABDC1854281352FC00A40EE0 /* Extensions.swift */,
			);
			path = Resources;
			sourceTree = "<group>";
		};
		AB79C83F2811EE5200EDAE0C /* Managers */ = {
			isa = PBXGroup;
			children = (
				ABDC18502813429100A40EE0 /* APICaller.swift */,
			);
			path = Managers;
			sourceTree = "<group>";
		};
		E6EC6842CBA99D78E8B157F2 /* Frameworks */ = {
			isa = PBXGroup;
			children = (
				90A315F5F5116E503E2BE20F /* Pods_nexflix_clone.framework */,
			);
			name = Frameworks;
			sourceTree = "<group>";
		};
/* End PBXGroup section */

/* Begin PBXNativeTarget section */
		AB79C81A2811E26600EDAE0C /* nexflix clone */ = {
			isa = PBXNativeTarget;
			buildConfigurationList = AB79C82F2811E26800EDAE0C /* Build configuration list for PBXNativeTarget "nexflix clone" */;
			buildPhases = (
				72B2E31FFBE021D4E228F44B /* [CP] Check Pods Manifest.lock */,
				AB79C8172811E26600EDAE0C /* Sources */,
				AB79C8182811E26600EDAE0C /* Frameworks */,
				AB79C8192811E26600EDAE0C /* Resources */,
				587707227F82152B4BC95B0B /* [CP] Embed Pods Frameworks */,
			);
			buildRules = (
			);
			dependencies = (
			);
			name = "nexflix clone";
			productName = "nexflix clone";
			productReference = AB79C81B2811E26600EDAE0C /* nexflix clone.app */;
			productType = "com.apple.product-type.application";
		};
/* End PBXNativeTarget section */

/* Begin PBXProject section */
		AB79C8132811E26600EDAE0C /* Project object */ = {
			isa = PBXProject;
			attributes = {
				BuildIndependentTargetsInParallel = 1;
				LastSwiftUpdateCheck = 1310;
				LastUpgradeCheck = 1310;
				TargetAttributes = {
					AB79C81A2811E26600EDAE0C = {
						CreatedOnToolsVersion = 13.1;
					};
				};
			};
			buildConfigurationList = AB79C8162811E26600EDAE0C /* Build configuration list for PBXProject "nexflix clone" */;
			compatibilityVersion = "Xcode 13.0";
			developmentRegion = en;
			hasScannedForEncodings = 0;
			knownRegions = (
				en,
				Base,
			);
			mainGroup = AB79C8122811E26600EDAE0C;
			productRefGroup = AB79C81C2811E26600EDAE0C /* Products */;
			projectDirPath = "";
			projectRoot = "";
			targets = (
				AB79C81A2811E26600EDAE0C /* nexflix clone */,
			);
		};
/* End PBXProject section */

/* Begin PBXResourcesBuildPhase section */
		AB79C8192811E26600EDAE0C /* Resources */ = {
			isa = PBXResourcesBuildPhase;
			buildActionMask = 2147483647;
			files = (
				AB79C82B2811E26800EDAE0C /* LaunchScreen.storyboard in Resources */,
				AB79C8282811E26800EDAE0C /* Assets.xcassets in Resources */,
			);
			runOnlyForDeploymentPostprocessing = 0;
		};
/* End PBXResourcesBuildPhase section */

/* Begin PBXShellScriptBuildPhase section */
		587707227F82152B4BC95B0B /* [CP] Embed Pods Frameworks */ = {
			isa = PBXShellScriptBuildPhase;
			buildActionMask = 2147483647;
			files = (
			);
			inputFileListPaths = (
				"${PODS_ROOT}/Target Support Files/Pods-nexflix clone/Pods-nexflix clone-frameworks-${CONFIGURATION}-input-files.xcfilelist",
			);
			name = "[CP] Embed Pods Frameworks";
			outputFileListPaths = (
				"${PODS_ROOT}/Target Support Files/Pods-nexflix clone/Pods-nexflix clone-frameworks-${CONFIGURATION}-output-files.xcfilelist",
			);
			runOnlyForDeploymentPostprocessing = 0;
			shellPath = /bin/sh;
			shellScript = "\"${PODS_ROOT}/Target Support Files/Pods-nexflix clone/Pods-nexflix clone-frameworks.sh\"\n";
			showEnvVarsInLog = 0;
		};
		72B2E31FFBE021D4E228F44B /* [CP] Check Pods Manifest.lock */ = {
			isa = PBXShellScriptBuildPhase;
			buildActionMask = 2147483647;
			files = (
			);
			inputFileListPaths = (
			);
			inputPaths = (
				"${PODS_PODFILE_DIR_PATH}/Podfile.lock",
				"${PODS_ROOT}/Manifest.lock",
			);
			name = "[CP] Check Pods Manifest.lock";
			outputFileListPaths = (
			);
			outputPaths = (
				"$(DERIVED_FILE_DIR)/Pods-nexflix clone-checkManifestLockResult.txt",
			);
			runOnlyForDeploymentPostprocessing = 0;
			shellPath = /bin/sh;
			shellScript = "diff \"${PODS_PODFILE_DIR_PATH}/Podfile.lock\" \"${PODS_ROOT}/Manifest.lock\" > /dev/null\nif [ $? != 0 ] ; then\n    # print error to STDERR\n    echo \"error: The sandbox is not in sync with the Podfile.lock. Run 'pod install' or update your CocoaPods installation.\" >&2\n    exit 1\nfi\n# This output is used by Xcode 'outputs' to avoid re-running this script phase.\necho \"SUCCESS\" > \"${SCRIPT_OUTPUT_FILE_0}\"\n";
			showEnvVarsInLog = 0;
		};
/* End PBXShellScriptBuildPhase section */

/* Begin PBXSourcesBuildPhase section */
		AB79C8172811E26600EDAE0C /* Sources */ = {
			isa = PBXSourcesBuildPhase;
			buildActionMask = 2147483647;
			files = (
				AB79C8232811E26600EDAE0C /* MainTabBarViewController.swift in Sources */,
				AB8F33DA2814917B00D8BC62 /* TitleCollectionViewCell.swift in Sources */,
				AB79C81F2811E26600EDAE0C /* AppDelegate.swift in Sources */,
				AB79C8412811EE8D00EDAE0C /* CollectionViewTableViewCell.swift in Sources */,
				ABDC18512813429100A40EE0 /* APICaller.swift in Sources */,
				AB79C8432811F55B00EDAE0C /* HeroHeaderUIView.swift in Sources */,
				AB79C83A2811E56800EDAE0C /* DownloadsViewController.swift in Sources */,
				AB79C8362811E51700EDAE0C /* UpComingViewController.swift in Sources */,
				ABDC1855281352FC00A40EE0 /* Extensions.swift in Sources */,
				AB79C8212811E26600EDAE0C /* SceneDelegate.swift in Sources */,
				AB79C8342811E4E700EDAE0C /* HomeViewController.swift in Sources */,
				ABDC185328134DAD00A40EE0 /* Title.swift in Sources */,
				AB79C8382811E53E00EDAE0C /* SeachViewController.swift in Sources */,
			);
			runOnlyForDeploymentPostprocessing = 0;
		};
/* End PBXSourcesBuildPhase section */

/* Begin PBXVariantGroup section */
		AB79C8292811E26800EDAE0C /* LaunchScreen.storyboard */ = {
			isa = PBXVariantGroup;
			children = (
				AB79C82A2811E26800EDAE0C /* Base */,
			);
			name = LaunchScreen.storyboard;
			sourceTree = "<group>";
		};
/* End PBXVariantGroup section */

/* Begin XCBuildConfiguration section */
		AB79C82D2811E26800EDAE0C /* Debug */ = {
			isa = XCBuildConfiguration;
			buildSettings = {
				ALWAYS_SEARCH_USER_PATHS = NO;
				CLANG_ANALYZER_NONNULL = YES;
				CLANG_ANALYZER_NUMBER_OBJECT_CONVERSION = YES_AGGRESSIVE;
				CLANG_CXX_LANGUAGE_STANDARD = "gnu++17";
				CLANG_CXX_LIBRARY = "libc++";
				CLANG_ENABLE_MODULES = YES;
				CLANG_ENABLE_OBJC_ARC = YES;
				CLANG_ENABLE_OBJC_WEAK = YES;
				CLANG_WARN_BLOCK_CAPTURE_AUTORELEASING = YES;
				CLANG_WARN_BOOL_CONVERSION = YES;
				CLANG_WARN_COMMA = YES;
				CLANG_WARN_CONSTANT_CONVERSION = YES;
				CLANG_WARN_DEPRECATED_OBJC_IMPLEMENTATIONS = YES;
				CLANG_WARN_DIRECT_OBJC_ISA_USAGE = YES_ERROR;
				CLANG_WARN_DOCUMENTATION_COMMENTS = YES;
				CLANG_WARN_EMPTY_BODY = YES;
				CLANG_WARN_ENUM_CONVERSION = YES;
				CLANG_WARN_INFINITE_RECURSION = YES;
				CLANG_WARN_INT_CONVERSION = YES;
				CLANG_WARN_NON_LITERAL_NULL_CONVERSION = YES;
				CLANG_WARN_OBJC_IMPLICIT_RETAIN_SELF = YES;
				CLANG_WARN_OBJC_LITERAL_CONVERSION = YES;
				CLANG_WARN_OBJC_ROOT_CLASS = YES_ERROR;
				CLANG_WARN_QUOTED_INCLUDE_IN_FRAMEWORK_HEADER = YES;
				CLANG_WARN_RANGE_LOOP_ANALYSIS = YES;
				CLANG_WARN_STRICT_PROTOTYPES = YES;
				CLANG_WARN_SUSPICIOUS_MOVE = YES;
				CLANG_WARN_UNGUARDED_AVAILABILITY = YES_AGGRESSIVE;
				CLANG_WARN_UNREACHABLE_CODE = YES;
				CLANG_WARN__DUPLICATE_METHOD_MATCH = YES;
				COPY_PHASE_STRIP = NO;
				DEBUG_INFORMATION_FORMAT = dwarf;
				ENABLE_STRICT_OBJC_MSGSEND = YES;
				ENABLE_TESTABILITY = YES;
				GCC_C_LANGUAGE_STANDARD = gnu11;
				GCC_DYNAMIC_NO_PIC = NO;
				GCC_NO_COMMON_BLOCKS = YES;
				GCC_OPTIMIZATION_LEVEL = 0;
				GCC_PREPROCESSOR_DEFINITIONS = (
					"DEBUG=1",
					"$(inherited)",
				);
				GCC_WARN_64_TO_32_BIT_CONVERSION = YES;
				GCC_WARN_ABOUT_RETURN_TYPE = YES_ERROR;
				GCC_WARN_UNDECLARED_SELECTOR = YES;
				GCC_WARN_UNINITIALIZED_AUTOS = YES_AGGRESSIVE;
				GCC_WARN_UNUSED_FUNCTION = YES;
				GCC_WARN_UNUSED_VARIABLE = YES;
				IPHONEOS_DEPLOYMENT_TARGET = 15.0;
				MTL_ENABLE_DEBUG_INFO = INCLUDE_SOURCE;
				MTL_FAST_MATH = YES;
				ONLY_ACTIVE_ARCH = YES;
				SDKROOT = iphoneos;
				SWIFT_ACTIVE_COMPILATION_CONDITIONS = DEBUG;
				SWIFT_OPTIMIZATION_LEVEL = "-Onone";
			};
			name = Debug;
		};
		AB79C82E2811E26800EDAE0C /* Release */ = {
			isa = XCBuildConfiguration;
			buildSettings = {
				ALWAYS_SEARCH_USER_PATHS = NO;
				CLANG_ANALYZER_NONNULL = YES;
				CLANG_ANALYZER_NUMBER_OBJECT_CONVERSION = YES_AGGRESSIVE;
				CLANG_CXX_LANGUAGE_STANDARD = "gnu++17";
				CLANG_CXX_LIBRARY = "libc++";
				CLANG_ENABLE_MODULES = YES;
				CLANG_ENABLE_OBJC_ARC = YES;
				CLANG_ENABLE_OBJC_WEAK = YES;
				CLANG_WARN_BLOCK_CAPTURE_AUTORELEASING = YES;
				CLANG_WARN_BOOL_CONVERSION = YES;
				CLANG_WARN_COMMA = YES;
				CLANG_WARN_CONSTANT_CONVERSION = YES;
				CLANG_WARN_DEPRECATED_OBJC_IMPLEMENTATIONS = YES;
				CLANG_WARN_DIRECT_OBJC_ISA_USAGE = YES_ERROR;
				CLANG_WARN_DOCUMENTATION_COMMENTS = YES;
				CLANG_WARN_EMPTY_BODY = YES;
				CLANG_WARN_ENUM_CONVERSION = YES;
				CLANG_WARN_INFINITE_RECURSION = YES;
				CLANG_WARN_INT_CONVERSION = YES;
				CLANG_WARN_NON_LITERAL_NULL_CONVERSION = YES;
				CLANG_WARN_OBJC_IMPLICIT_RETAIN_SELF = YES;
				CLANG_WARN_OBJC_LITERAL_CONVERSION = YES;
				CLANG_WARN_OBJC_ROOT_CLASS = YES_ERROR;
				CLANG_WARN_QUOTED_INCLUDE_IN_FRAMEWORK_HEADER = YES;
				CLANG_WARN_RANGE_LOOP_ANALYSIS = YES;
				CLANG_WARN_STRICT_PROTOTYPES = YES;
				CLANG_WARN_SUSPICIOUS_MOVE = YES;
				CLANG_WARN_UNGUARDED_AVAILABILITY = YES_AGGRESSIVE;
				CLANG_WARN_UNREACHABLE_CODE = YES;
				CLANG_WARN__DUPLICATE_METHOD_MATCH = YES;
				COPY_PHASE_STRIP = NO;
				DEBUG_INFORMATION_FORMAT = "dwarf-with-dsym";
				ENABLE_NS_ASSERTIONS = NO;
				ENABLE_STRICT_OBJC_MSGSEND = YES;
				GCC_C_LANGUAGE_STANDARD = gnu11;
				GCC_NO_COMMON_BLOCKS = YES;
				GCC_WARN_64_TO_32_BIT_CONVERSION = YES;
				GCC_WARN_ABOUT_RETURN_TYPE = YES_ERROR;
				GCC_WARN_UNDECLARED_SELECTOR = YES;
				GCC_WARN_UNINITIALIZED_AUTOS = YES_AGGRESSIVE;
				GCC_WARN_UNUSED_FUNCTION = YES;
				GCC_WARN_UNUSED_VARIABLE = YES;
				IPHONEOS_DEPLOYMENT_TARGET = 15.0;
				MTL_ENABLE_DEBUG_INFO = NO;
				MTL_FAST_MATH = YES;
				SDKROOT = iphoneos;
				SWIFT_COMPILATION_MODE = wholemodule;
				SWIFT_OPTIMIZATION_LEVEL = "-O";
				VALIDATE_PRODUCT = YES;
			};
			name = Release;
		};
		AB79C8302811E26800EDAE0C /* Debug */ = {
			isa = XCBuildConfiguration;
			baseConfigurationReference = 8C50425ED8C11E901CF083A6 /* Pods-nexflix clone.debug.xcconfig */;
			buildSettings = {
				ASSETCATALOG_COMPILER_APPICON_NAME = AppIcon;
				ASSETCATALOG_COMPILER_GLOBAL_ACCENT_COLOR_NAME = AccentColor;
				CODE_SIGN_STYLE = Automatic;
				CURRENT_PROJECT_VERSION = 1;
				DEVELOPMENT_TEAM = P2A5X9EC45;
				GENERATE_INFOPLIST_FILE = YES;
				INFOPLIST_FILE = "nexflix clone/Info.plist";
				INFOPLIST_KEY_UIApplicationSupportsIndirectInputEvents = YES;
				INFOPLIST_KEY_UILaunchStoryboardName = LaunchScreen;
				INFOPLIST_KEY_UISupportedInterfaceOrientations_iPad = "UIInterfaceOrientationPortrait UIInterfaceOrientationPortraitUpsideDown UIInterfaceOrientationLandscapeLeft UIInterfaceOrientationLandscapeRight";
				INFOPLIST_KEY_UISupportedInterfaceOrientations_iPhone = "UIInterfaceOrientationPortrait UIInterfaceOrientationLandscapeLeft UIInterfaceOrientationLandscapeRight";
				LD_RUNPATH_SEARCH_PATHS = (
					"$(inherited)",
					"@executable_path/Frameworks",
				);
				MARKETING_VERSION = 1.0;
				PRODUCT_BUNDLE_IDENTIFIER = "com.erhan.InsagramClone.nexflix-clone";
				PRODUCT_NAME = "$(TARGET_NAME)";
				SWIFT_EMIT_LOC_STRINGS = YES;
				SWIFT_VERSION = 5.0;
				TARGETED_DEVICE_FAMILY = "1,2";
			};
			name = Debug;
		};
		AB79C8312811E26800EDAE0C /* Release */ = {
			isa = XCBuildConfiguration;
			baseConfigurationReference = E84468CD02B9AB82D5ADAB8D /* Pods-nexflix clone.release.xcconfig */;
			buildSettings = {
				ASSETCATALOG_COMPILER_APPICON_NAME = AppIcon;
				ASSETCATALOG_COMPILER_GLOBAL_ACCENT_COLOR_NAME = AccentColor;
				CODE_SIGN_STYLE = Automatic;
				CURRENT_PROJECT_VERSION = 1;
				DEVELOPMENT_TEAM = P2A5X9EC45;
				GENERATE_INFOPLIST_FILE = YES;
				INFOPLIST_FILE = "nexflix clone/Info.plist";
				INFOPLIST_KEY_UIApplicationSupportsIndirectInputEvents = YES;
				INFOPLIST_KEY_UILaunchStoryboardName = LaunchScreen;
				INFOPLIST_KEY_UISupportedInterfaceOrientations_iPad = "UIInterfaceOrientationPortrait UIInterfaceOrientationPortraitUpsideDown UIInterfaceOrientationLandscapeLeft UIInterfaceOrientationLandscapeRight";
				INFOPLIST_KEY_UISupportedInterfaceOrientations_iPhone = "UIInterfaceOrientationPortrait UIInterfaceOrientationLandscapeLeft UIInterfaceOrientationLandscapeRight";
				LD_RUNPATH_SEARCH_PATHS = (
					"$(inherited)",
					"@executable_path/Frameworks",
				);
				MARKETING_VERSION = 1.0;
				PRODUCT_BUNDLE_IDENTIFIER = "com.erhan.InsagramClone.nexflix-clone";
				PRODUCT_NAME = "$(TARGET_NAME)";
				SWIFT_EMIT_LOC_STRINGS = YES;
				SWIFT_VERSION = 5.0;
				TARGETED_DEVICE_FAMILY = "1,2";
			};
			name = Release;
		};
/* End XCBuildConfiguration section */

/* Begin XCConfigurationList section */
		AB79C8162811E26600EDAE0C /* Build configuration list for PBXProject "nexflix clone" */ = {
			isa = XCConfigurationList;
			buildConfigurations = (
				AB79C82D2811E26800EDAE0C /* Debug */,
				AB79C82E2811E26800EDAE0C /* Release */,
			);
			defaultConfigurationIsVisible = 0;
			defaultConfigurationName = Release;
		};
		AB79C82F2811E26800EDAE0C /* Build configuration list for PBXNativeTarget "nexflix clone" */ = {
			isa = XCConfigurationList;
			buildConfigurations = (
				AB79C8302811E26800EDAE0C /* Debug */,
				AB79C8312811E26800EDAE0C /* Release */,
			);
			defaultConfigurationIsVisible = 0;
			defaultConfigurationName = Release;
		};
/* End XCConfigurationList section */
	};
	rootObject = AB79C8132811E26600EDAE0C /* Project object */;
}
